// !$*UTF8*$!
{
	archiveVersion = 1;
	classes = {
	};
	objectVersion = 56;
	objects = {

/* Begin PBXBuildFile section */
		B245FAFF2D6686E4002A19B2 /* AppDelegate.swift in Sources */ = {isa = PBXBuildFile; fileRef = B245FAFE2D6686E4002A19B2 /* AppDelegate.swift */; };
		B245FB012D6686E4002A19B2 /* SceneDelegate.swift in Sources */ = {isa = PBXBuildFile; fileRef = B245FB002D6686E4002A19B2 /* SceneDelegate.swift */; };
		B245FB032D6686E4002A19B2 /* ViewController.swift in Sources */ = {isa = PBXBuildFile; fileRef = B245FB022D6686E4002A19B2 /* ViewController.swift */; };
		B245FB062D6686E4002A19B2 /* Main.storyboard in Resources */ = {isa = PBXBuildFile; fileRef = B245FB042D6686E4002A19B2 /* Main.storyboard */; };
		B245FB082D6686E5002A19B2 /* Assets.xcassets in Resources */ = {isa = PBXBuildFile; fileRef = B245FB072D6686E5002A19B2 /* Assets.xcassets */; };
		B245FB0B2D6686E5002A19B2 /* LaunchScreen.storyboard in Resources */ = {isa = PBXBuildFile; fileRef = B245FB092D6686E5002A19B2 /* LaunchScreen.storyboard */; };
		B245FB162D6686E5002A19B2 /* lab7Tests.swift in Sources */ = {isa = PBXBuildFile; fileRef = B245FB152D6686E5002A19B2 /* lab7Tests.swift */; };
		B245FB202D6686E5002A19B2 /* lab7UITests.swift in Sources */ = {isa = PBXBuildFile; fileRef = B245FB1F2D6686E5002A19B2 /* lab7UITests.swift */; };
		B245FB222D6686E5002A19B2 /* lab7UITestsLaunchTests.swift in Sources */ = {isa = PBXBuildFile; fileRef = B245FB212D6686E5002A19B2 /* lab7UITestsLaunchTests.swift */; };
/* End PBXBuildFile section */

/* Begin PBXContainerItemProxy section */
		B245FB122D6686E5002A19B2 /* PBXContainerItemProxy */ = {
			isa = PBXContainerItemProxy;
			containerPortal = B245FAF32D6686E4002A19B2 /* Project object */;
			proxyType = 1;
			remoteGlobalIDString = B245FAFA2D6686E4002A19B2;
			remoteInfo = lab7;
		};
		B245FB1C2D6686E5002A19B2 /* PBXContainerItemProxy */ = {
			isa = PBXContainerItemProxy;
			containerPortal = B245FAF32D6686E4002A19B2 /* Project object */;
			proxyType = 1;
			remoteGlobalIDString = B245FAFA2D6686E4002A19B2;
			remoteInfo = lab7;
		};
/* End PBXContainerItemProxy section */

/* Begin PBXFileReference section */
		B245FAFB2D6686E4002A19B2 /* lab7.app */ = {isa = PBXFileReference; explicitFileType = wrapper.application; includeInIndex = 0; path = lab7.app; sourceTree = BUILT_PRODUCTS_DIR; };
		B245FAFE2D6686E4002A19B2 /* AppDelegate.swift */ = {isa = PBXFileReference; lastKnownFileType = sourcecode.swift; path = AppDelegate.swift; sourceTree = "<group>"; };
		B245FB002D6686E4002A19B2 /* SceneDelegate.swift */ = {isa = PBXFileReference; lastKnownFileType = sourcecode.swift; path = SceneDelegate.swift; sourceTree = "<group>"; };
		B245FB022D6686E4002A19B2 /* ViewController.swift */ = {isa = PBXFileReference; lastKnownFileType = sourcecode.swift; path = ViewController.swift; sourceTree = "<group>"; };
		B245FB052D6686E4002A19B2 /* Base */ = {isa = PBXFileReference; lastKnownFileType = file.storyboard; name = Base; path = Base.lproj/Main.storyboard; sourceTree = "<group>"; };
		B245FB072D6686E5002A19B2 /* Assets.xcassets */ = {isa = PBXFileReference; lastKnownFileType = folder.assetcatalog; path = Assets.xcassets; sourceTree = "<group>"; };
		B245FB0A2D6686E5002A19B2 /* Base */ = {isa = PBXFileReference; lastKnownFileType = file.storyboard; name = Base; path = Base.lproj/LaunchScreen.storyboard; sourceTree = "<group>"; };
		B245FB0C2D6686E5002A19B2 /* Info.plist */ = {isa = PBXFileReference; lastKnownFileType = text.plist.xml; path = Info.plist; sourceTree = "<group>"; };
		B245FB112D6686E5002A19B2 /* lab7Tests.xctest */ = {isa = PBXFileReference; explicitFileType = wrapper.cfbundle; includeInIndex = 0; path = lab7Tests.xctest; sourceTree = BUILT_PRODUCTS_DIR; };
		B245FB152D6686E5002A19B2 /* lab7Tests.swift */ = {isa = PBXFileReference; lastKnownFileType = sourcecode.swift; path = lab7Tests.swift; sourceTree = "<group>"; };
		B245FB1B2D6686E5002A19B2 /* lab7UITests.xctest */ = {isa = PBXFileReference; explicitFileType = wrapper.cfbundle; includeInIndex = 0; path = lab7UITests.xctest; sourceTree = BUILT_PRODUCTS_DIR; };
		B245FB1F2D6686E5002A19B2 /* lab7UITests.swift */ = {isa = PBXFileReference; lastKnownFileType = sourcecode.swift; path = lab7UITests.swift; sourceTree = "<group>"; };
		B245FB212D6686E5002A19B2 /* lab7UITestsLaunchTests.swift */ = {isa = PBXFileReference; lastKnownFileType = sourcecode.swift; path = lab7UITestsLaunchTests.swift; sourceTree = "<group>"; };
/* End PBXFileReference section */

/* Begin PBXFrameworksBuildPhase section */
		B245FAF82D6686E4002A19B2 /* Frameworks */ = {
			isa = PBXFrameworksBuildPhase;
			buildActionMask = 2147483647;
			files = (
			);
			runOnlyForDeploymentPostprocessing = 0;
		};
		B245FB0E2D6686E5002A19B2 /* Frameworks */ = {
			isa = PBXFrameworksBuildPhase;
			buildActionMask = 2147483647;
			files = (
			);
			runOnlyForDeploymentPostprocessing = 0;
		};
		B245FB182D6686E5002A19B2 /* Frameworks */ = {
			isa = PBXFrameworksBuildPhase;
			buildActionMask = 2147483647;
			files = (
			);
			runOnlyForDeploymentPostprocessing = 0;
		};
/* End PBXFrameworksBuildPhase section */

/* Begin PBXGroup section */
		B245FAF22D6686E4002A19B2 = {
			isa = PBXGroup;
			children = (
				B245FAFD2D6686E4002A19B2 /* lab7 */,
				B245FB142D6686E5002A19B2 /* lab7Tests */,
				B245FB1E2D6686E5002A19B2 /* lab7UITests */,
				B245FAFC2D6686E4002A19B2 /* Products */,
			);
			sourceTree = "<group>";
		};
		B245FAFC2D6686E4002A19B2 /* Products */ = {
			isa = PBXGroup;
			children = (
				B245FAFB2D6686E4002A19B2 /* lab7.app */,
				B245FB112D6686E5002A19B2 /* lab7Tests.xctest */,
				B245FB1B2D6686E5002A19B2 /* lab7UITests.xctest */,
			);
			name = Products;
			sourceTree = "<group>";
		};
		B245FAFD2D6686E4002A19B2 /* lab7 */ = {
			isa = PBXGroup;
			children = (
				B245FAFE2D6686E4002A19B2 /* AppDelegate.swift */,
				B245FB002D6686E4002A19B2 /* SceneDelegate.swift */,
				B245FB022D6686E4002A19B2 /* ViewController.swift */,
				B245FB042D6686E4002A19B2 /* Main.storyboard */,
				B245FB072D6686E5002A19B2 /* Assets.xcassets */,
				B245FB092D6686E5002A19B2 /* LaunchScreen.storyboard */,
				B245FB0C2D6686E5002A19B2 /* Info.plist */,
			);
			path = lab7;
			sourceTree = "<group>";
		};
		B245FB142D6686E5002A19B2 /* lab7Tests */ = {
			isa = PBXGroup;
			children = (
				B245FB152D6686E5002A19B2 /* lab7Tests.swift */,
			);
			path = lab7Tests;
			sourceTree = "<group>";
		};
		B245FB1E2D6686E5002A19B2 /* lab7UITests */ = {
			isa = PBXGroup;
			children = (
				B245FB1F2D6686E5002A19B2 /* lab7UITests.swift */,
				B245FB212D6686E5002A19B2 /* lab7UITestsLaunchTests.swift */,
			);
			path = lab7UITests;
			sourceTree = "<group>";
		};
/* End PBXGroup section */

/* Begin PBXNativeTarget section */
		B245FAFA2D6686E4002A19B2 /* lab7 */ = {
			isa = PBXNativeTarget;
			buildConfigurationList = B245FB252D6686E5002A19B2 /* Build configuration list for PBXNativeTarget "lab7" */;
			buildPhases = (
				B245FAF72D6686E4002A19B2 /* Sources */,
				B245FAF82D6686E4002A19B2 /* Frameworks */,
				B245FAF92D6686E4002A19B2 /* Resources */,
			);
			buildRules = (
			);
			dependencies = (
			);
			name = lab7;
			productName = lab7;
			productReference = B245FAFB2D6686E4002A19B2 /* lab7.app */;
			productType = "com.apple.product-type.application";
		};
		B245FB102D6686E5002A19B2 /* lab7Tests */ = {
			isa = PBXNativeTarget;
			buildConfigurationList = B245FB282D6686E5002A19B2 /* Build configuration list for PBXNativeTarget "lab7Tests" */;
			buildPhases = (
				B245FB0D2D6686E5002A19B2 /* Sources */,
				B245FB0E2D6686E5002A19B2 /* Frameworks */,
				B245FB0F2D6686E5002A19B2 /* Resources */,
			);
			buildRules = (
			);
			dependencies = (
				B245FB132D6686E5002A19B2 /* PBXTargetDependency */,
			);
			name = lab7Tests;
			productName = lab7Tests;
			productReference = B245FB112D6686E5002A19B2 /* lab7Tests.xctest */;
			productType = "com.apple.product-type.bundle.unit-test";
		};
		B245FB1A2D6686E5002A19B2 /* lab7UITests */ = {
			isa = PBXNativeTarget;
			buildConfigurationList = B245FB2B2D6686E5002A19B2 /* Build configuration list for PBXNativeTarget "lab7UITests" */;
			buildPhases = (
				B245FB172D6686E5002A19B2 /* Sources */,
				B245FB182D6686E5002A19B2 /* Frameworks */,
				B245FB192D6686E5002A19B2 /* Resources */,
			);
			buildRules = (
			);
			dependencies = (
				B245FB1D2D6686E5002A19B2 /* PBXTargetDependency */,
			);
			name = lab7UITests;
			productName = lab7UITests;
			productReference = B245FB1B2D6686E5002A19B2 /* lab7UITests.xctest */;
			productType = "com.apple.product-type.bundle.ui-testing";
		};
/* End PBXNativeTarget section */

/* Begin PBXProject section */
		B245FAF32D6686E4002A19B2 /* Project object */ = {
			isa = PBXProject;
			attributes = {
				BuildIndependentTargetsInParallel = 1;
				LastSwiftUpdateCheck = 1520;
				LastUpgradeCheck = 1520;
				TargetAttributes = {
					B245FAFA2D6686E4002A19B2 = {
						CreatedOnToolsVersion = 15.2;
					};
					B245FB102D6686E5002A19B2 = {
						CreatedOnToolsVersion = 15.2;
						TestTargetID = B245FAFA2D6686E4002A19B2;
					};
					B245FB1A2D6686E5002A19B2 = {
						CreatedOnToolsVersion = 15.2;
						TestTargetID = B245FAFA2D6686E4002A19B2;
					};
				};
			};
			buildConfigurationList = B245FAF62D6686E4002A19B2 /* Build configuration list for PBXProject "lab7" */;
			compatibilityVersion = "Xcode 14.0";
			developmentRegion = en;
			hasScannedForEncodings = 0;
			knownRegions = (
				en,
				Base,
			);
			mainGroup = B245FAF22D6686E4002A19B2;
			productRefGroup = B245FAFC2D6686E4002A19B2 /* Products */;
			projectDirPath = "";
			projectRoot = "";
			targets = (
				B245FAFA2D6686E4002A19B2 /* lab7 */,
				B245FB102D6686E5002A19B2 /* lab7Tests */,
				B245FB1A2D6686E5002A19B2 /* lab7UITests */,
			);
		};
/* End PBXProject section */

/* Begin PBXResourcesBuildPhase section */
		B245FAF92D6686E4002A19B2 /* Resources */ = {
			isa = PBXResourcesBuildPhase;
			buildActionMask = 2147483647;
			files = (
				B245FB0B2D6686E5002A19B2 /* LaunchScreen.storyboard in Resources */,
				B245FB082D6686E5002A19B2 /* Assets.xcassets in Resources */,
				B245FB062D6686E4002A19B2 /* Main.storyboard in Resources */,
			);
			runOnlyForDeploymentPostprocessing = 0;
		};
		B245FB0F2D6686E5002A19B2 /* Resources */ = {
			isa = PBXResourcesBuildPhase;
			buildActionMask = 2147483647;
			files = (
			);
			runOnlyForDeploymentPostprocessing = 0;
		};
		B245FB192D6686E5002A19B2 /* Resources */ = {
			isa = PBXResourcesBuildPhase;
			buildActionMask = 2147483647;
			files = (
			);
			runOnlyForDeploymentPostprocessing = 0;
		};
/* End PBXResourcesBuildPhase section */

/* Begin PBXSourcesBuildPhase section */
		B245FAF72D6686E4002A19B2 /* Sources */ = {
			isa = PBXSourcesBuildPhase;
			buildActionMask = 2147483647;
			files = (
				B245FB032D6686E4002A19B2 /* ViewController.swift in Sources */,
				B245FAFF2D6686E4002A19B2 /* AppDelegate.swift in Sources */,
				B245FB012D6686E4002A19B2 /* SceneDelegate.swift in Sources */,
			);
			runOnlyForDeploymentPostprocessing = 0;
		};
		B245FB0D2D6686E5002A19B2 /* Sources */ = {
			isa = PBXSourcesBuildPhase;
			buildActionMask = 2147483647;
			files = (
				B245FB162D6686E5002A19B2 /* lab7Tests.swift in Sources */,
			);
			runOnlyForDeploymentPostprocessing = 0;
		};
		B245FB172D6686E5002A19B2 /* Sources */ = {
			isa = PBXSourcesBuildPhase;
			buildActionMask = 2147483647;
			files = (
				B245FB222D6686E5002A19B2 /* lab7UITestsLaunchTests.swift in Sources */,
				B245FB202D6686E5002A19B2 /* lab7UITests.swift in Sources */,
			);
			runOnlyForDeploymentPostprocessing = 0;
		};
/* End PBXSourcesBuildPhase section */

/* Begin PBXTargetDependency section */
		B245FB132D6686E5002A19B2 /* PBXTargetDependency */ = {
			isa = PBXTargetDependency;
			target = B245FAFA2D6686E4002A19B2 /* lab7 */;
			targetProxy = B245FB122D6686E5002A19B2 /* PBXContainerItemProxy */;
		};
		B245FB1D2D6686E5002A19B2 /* PBXTargetDependency */ = {
			isa = PBXTargetDependency;
			target = B245FAFA2D6686E4002A19B2 /* lab7 */;
			targetProxy = B245FB1C2D6686E5002A19B2 /* PBXContainerItemProxy */;
		};
/* End PBXTargetDependency section */

/* Begin PBXVariantGroup section */
		B245FB042D6686E4002A19B2 /* Main.storyboard */ = {
			isa = PBXVariantGroup;
			children = (
				B245FB052D6686E4002A19B2 /* Base */,
			);
			name = Main.storyboard;
			sourceTree = "<group>";
		};
		B245FB092D6686E5002A19B2 /* LaunchScreen.storyboard */ = {
			isa = PBXVariantGroup;
			children = (
				B245FB0A2D6686E5002A19B2 /* Base */,
			);
			name = LaunchScreen.storyboard;
			sourceTree = "<group>";
		};
/* End PBXVariantGroup section */

/* Begin XCBuildConfiguration section */
		B245FB232D6686E5002A19B2 /* Debug */ = {
			isa = XCBuildConfiguration;
			buildSettings = {
				ALWAYS_SEARCH_USER_PATHS = NO;
				ASSETCATALOG_COMPILER_GENERATE_SWIFT_ASSET_SYMBOL_EXTENSIONS = YES;
				CLANG_ANALYZER_NONNULL = YES;
				CLANG_ANALYZER_NUMBER_OBJECT_CONVERSION = YES_AGGRESSIVE;
				CLANG_CXX_LANGUAGE_STANDARD = "gnu++20";
				CLANG_ENABLE_MODULES = YES;
				CLANG_ENABLE_OBJC_ARC = YES;
				CLANG_ENABLE_OBJC_WEAK = YES;
				CLANG_WARN_BLOCK_CAPTURE_AUTORELEASING = YES;
				CLANG_WARN_BOOL_CONVERSION = YES;
				CLANG_WARN_COMMA = YES;
				CLANG_WARN_CONSTANT_CONVERSION = YES;
				CLANG_WARN_DEPRECATED_OBJC_IMPLEMENTATIONS = YES;
				CLANG_WARN_DIRECT_OBJC_ISA_USAGE = YES_ERROR;
				CLANG_WARN_DOCUMENTATION_COMMENTS = YES;
				CLANG_WARN_EMPTY_BODY = YES;
				CLANG_WARN_ENUM_CONVERSION = YES;
				CLANG_WARN_INFINITE_RECURSION = YES;
				CLANG_WARN_INT_CONVERSION = YES;
				CLANG_WARN_NON_LITERAL_NULL_CONVERSION = YES;
				CLANG_WARN_OBJC_IMPLICIT_RETAIN_SELF = YES;
				CLANG_WARN_OBJC_LITERAL_CONVERSION = YES;
				CLANG_WARN_OBJC_ROOT_CLASS = YES_ERROR;
				CLANG_WARN_QUOTED_INCLUDE_IN_FRAMEWORK_HEADER = YES;
				CLANG_WARN_RANGE_LOOP_ANALYSIS = YES;
				CLANG_WARN_STRICT_PROTOTYPES = YES;
				CLANG_WARN_SUSPICIOUS_MOVE = YES;
				CLANG_WARN_UNGUARDED_AVAILABILITY = YES_AGGRESSIVE;
				CLANG_WARN_UNREACHABLE_CODE = YES;
				CLANG_WARN__DUPLICATE_METHOD_MATCH = YES;
				COPY_PHASE_STRIP = NO;
				DEBUG_INFORMATION_FORMAT = dwarf;
				ENABLE_STRICT_OBJC_MSGSEND = YES;
				ENABLE_TESTABILITY = YES;
				ENABLE_USER_SCRIPT_SANDBOXING = YES;
				GCC_C_LANGUAGE_STANDARD = gnu17;
				GCC_DYNAMIC_NO_PIC = NO;
				GCC_NO_COMMON_BLOCKS = YES;
				GCC_OPTIMIZATION_LEVEL = 0;
				GCC_PREPROCESSOR_DEFINITIONS = (
					"DEBUG=1",
					"$(inherited)",
				);
				GCC_WARN_64_TO_32_BIT_CONVERSION = YES;
				GCC_WARN_ABOUT_RETURN_TYPE = YES_ERROR;
				GCC_WARN_UNDECLARED_SELECTOR = YES;
				GCC_WARN_UNINITIALIZED_AUTOS = YES_AGGRESSIVE;
				GCC_WARN_UNUSED_FUNCTION = YES;
				GCC_WARN_UNUSED_VARIABLE = YES;
				IPHONEOS_DEPLOYMENT_TARGET = 17.2;
				LOCALIZATION_PREFERS_STRING_CATALOGS = YES;
				MTL_ENABLE_DEBUG_INFO = INCLUDE_SOURCE;
				MTL_FAST_MATH = YES;
				ONLY_ACTIVE_ARCH = YES;
				SDKROOT = iphoneos;
				SWIFT_ACTIVE_COMPILATION_CONDITIONS = "DEBUG $(inherited)";
				SWIFT_OPTIMIZATION_LEVEL = "-Onone";
			};
			name = Debug;
		};
		B245FB242D6686E5002A19B2 /* Release */ = {
			isa = XCBuildConfiguration;
			buildSettings = {
				ALWAYS_SEARCH_USER_PATHS = NO;
				ASSETCATALOG_COMPILER_GENERATE_SWIFT_ASSET_SYMBOL_EXTENSIONS = YES;
				CLANG_ANALYZER_NONNULL = YES;
				CLANG_ANALYZER_NUMBER_OBJECT_CONVERSION = YES_AGGRESSIVE;
				CLANG_CXX_LANGUAGE_STANDARD = "gnu++20";
				CLANG_ENABLE_MODULES = YES;
				CLANG_ENABLE_OBJC_ARC = YES;
				CLANG_ENABLE_OBJC_WEAK = YES;
				CLANG_WARN_BLOCK_CAPTURE_AUTORELEASING = YES;
				CLANG_WARN_BOOL_CONVERSION = YES;
				CLANG_WARN_COMMA = YES;
				CLANG_WARN_CONSTANT_CONVERSION = YES;
				CLANG_WARN_DEPRECATED_OBJC_IMPLEMENTATIONS = YES;
				CLANG_WARN_DIRECT_OBJC_ISA_USAGE = YES_ERROR;
				CLANG_WARN_DOCUMENTATION_COMMENTS = YES;
				CLANG_WARN_EMPTY_BODY = YES;
				CLANG_WARN_ENUM_CONVERSION = YES;
				CLANG_WARN_INFINITE_RECURSION = YES;
				CLANG_WARN_INT_CONVERSION = YES;
				CLANG_WARN_NON_LITERAL_NULL_CONVERSION = YES;
				CLANG_WARN_OBJC_IMPLICIT_RETAIN_SELF = YES;
				CLANG_WARN_OBJC_LITERAL_CONVERSION = YES;
				CLANG_WARN_OBJC_ROOT_CLASS = YES_ERROR;
				CLANG_WARN_QUOTED_INCLUDE_IN_FRAMEWORK_HEADER = YES;
				CLANG_WARN_RANGE_LOOP_ANALYSIS = YES;
				CLANG_WARN_STRICT_PROTOTYPES = YES;
				CLANG_WARN_SUSPICIOUS_MOVE = YES;
				CLANG_WARN_UNGUARDED_AVAILABILITY = YES_AGGRESSIVE;
				CLANG_WARN_UNREACHABLE_CODE = YES;
				CLANG_WARN__DUPLICATE_METHOD_MATCH = YES;
				COPY_PHASE_STRIP = NO;
				DEBUG_INFORMATION_FORMAT = "dwarf-with-dsym";
				ENABLE_NS_ASSERTIONS = NO;
				ENABLE_STRICT_OBJC_MSGSEND = YES;
				ENABLE_USER_SCRIPT_SANDBOXING = YES;
				GCC_C_LANGUAGE_STANDARD = gnu17;
				GCC_NO_COMMON_BLOCKS = YES;
				GCC_WARN_64_TO_32_BIT_CONVERSION = YES;
				GCC_WARN_ABOUT_RETURN_TYPE = YES_ERROR;
				GCC_WARN_UNDECLARED_SELECTOR = YES;
				GCC_WARN_UNINITIALIZED_AUTOS = YES_AGGRESSIVE;
				GCC_WARN_UNUSED_FUNCTION = YES;
				GCC_WARN_UNUSED_VARIABLE = YES;
				IPHONEOS_DEPLOYMENT_TARGET = 17.2;
				LOCALIZATION_PREFERS_STRING_CATALOGS = YES;
				MTL_ENABLE_DEBUG_INFO = NO;
				MTL_FAST_MATH = YES;
				SDKROOT = iphoneos;
				SWIFT_COMPILATION_MODE = wholemodule;
				VALIDATE_PRODUCT = YES;
			};
			name = Release;
		};
		B245FB262D6686E5002A19B2 /* Debug */ = {
			isa = XCBuildConfiguration;
			buildSettings = {
				ASSETCATALOG_COMPILER_APPICON_NAME = AppIcon;
				ASSETCATALOG_COMPILER_GLOBAL_ACCENT_COLOR_NAME = AccentColor;
				CODE_SIGN_STYLE = Automatic;
				CURRENT_PROJECT_VERSION = 1;
				GENERATE_INFOPLIST_FILE = YES;
				INFOPLIST_FILE = lab7/Info.plist;
				INFOPLIST_KEY_UIApplicationSupportsIndirectInputEvents = YES;
				INFOPLIST_KEY_UILaunchStoryboardName = LaunchScreen;
				INFOPLIST_KEY_UIMainStoryboardFile = Main;
				INFOPLIST_KEY_UISupportedInterfaceOrientations_iPad = "UIInterfaceOrientationPortrait UIInterfaceOrientationPortraitUpsideDown UIInterfaceOrientationLandscapeLeft UIInterfaceOrientationLandscapeRight";
				INFOPLIST_KEY_UISupportedInterfaceOrientations_iPhone = "UIInterfaceOrientationPortrait UIInterfaceOrientationLandscapeLeft UIInterfaceOrientationLandscapeRight";
				LD_RUNPATH_SEARCH_PATHS = (
					"$(inherited)",
					"@executable_path/Frameworks",
				);
				MARKETING_VERSION = 1.0;
				PRODUCT_BUNDLE_IDENTIFIER = comp3097.lab7;
				PRODUCT_NAME = "$(TARGET_NAME)";
				SWIFT_EMIT_LOC_STRINGS = YES;
				SWIFT_VERSION = 5.0;
				TARGETED_DEVICE_FAMILY = "1,2";
			};
			name = Debug;
		};
		B245FB272D6686E5002A19B2 /* Release */ = {
			isa = XCBuildConfiguration;
			buildSettings = {
				ASSETCATALOG_COMPILER_APPICON_NAME = AppIcon;
				ASSETCATALOG_COMPILER_GLOBAL_ACCENT_COLOR_NAME = AccentColor;
				CODE_SIGN_STYLE = Automatic;
				CURRENT_PROJECT_VERSION = 1;
				GENERATE_INFOPLIST_FILE = YES;
				INFOPLIST_FILE = lab7/Info.plist;
				INFOPLIST_KEY_UIApplicationSupportsIndirectInputEvents = YES;
				INFOPLIST_KEY_UILaunchStoryboardName = LaunchScreen;
				INFOPLIST_KEY_UIMainStoryboardFile = Main;
				INFOPLIST_KEY_UISupportedInterfaceOrientations_iPad = "UIInterfaceOrientationPortrait UIInterfaceOrientationPortraitUpsideDown UIInterfaceOrientationLandscapeLeft UIInterfaceOrientationLandscapeRight";
				INFOPLIST_KEY_UISupportedInterfaceOrientations_iPhone = "UIInterfaceOrientationPortrait UIInterfaceOrientationLandscapeLeft UIInterfaceOrientationLandscapeRight";
				LD_RUNPATH_SEARCH_PATHS = (
					"$(inherited)",
					"@executable_path/Frameworks",
				);
				MARKETING_VERSION = 1.0;
				PRODUCT_BUNDLE_IDENTIFIER = comp3097.lab7;
				PRODUCT_NAME = "$(TARGET_NAME)";
				SWIFT_EMIT_LOC_STRINGS = YES;
				SWIFT_VERSION = 5.0;
				TARGETED_DEVICE_FAMILY = "1,2";
			};
			name = Release;
		};
		B245FB292D6686E5002A19B2 /* Debug */ = {
			isa = XCBuildConfiguration;
			buildSettings = {
				ALWAYS_EMBED_SWIFT_STANDARD_LIBRARIES = YES;
				BUNDLE_LOADER = "$(TEST_HOST)";
				CODE_SIGN_STYLE = Automatic;
				CURRENT_PROJECT_VERSION = 1;
				GENERATE_INFOPLIST_FILE = YES;
				IPHONEOS_DEPLOYMENT_TARGET = 17.2;
				MARKETING_VERSION = 1.0;
				PRODUCT_BUNDLE_IDENTIFIER = comp3097.lab7Tests;
				PRODUCT_NAME = "$(TARGET_NAME)";
				SWIFT_EMIT_LOC_STRINGS = NO;
				SWIFT_VERSION = 5.0;
				TARGETED_DEVICE_FAMILY = "1,2";
				TEST_HOST = "$(BUILT_PRODUCTS_DIR)/lab7.app/$(BUNDLE_EXECUTABLE_FOLDER_PATH)/lab7";
			};
			name = Debug;
		};
		B245FB2A2D6686E5002A19B2 /* Release */ = {
			isa = XCBuildConfiguration;
			buildSettings = {
				ALWAYS_EMBED_SWIFT_STANDARD_LIBRARIES = YES;
				BUNDLE_LOADER = "$(TEST_HOST)";
				CODE_SIGN_STYLE = Automatic;
				CURRENT_PROJECT_VERSION = 1;
				GENERATE_INFOPLIST_FILE = YES;
				IPHONEOS_DEPLOYMENT_TARGET = 17.2;
				MARKETING_VERSION = 1.0;
				PRODUCT_BUNDLE_IDENTIFIER = comp3097.lab7Tests;
				PRODUCT_NAME = "$(TARGET_NAME)";
				SWIFT_EMIT_LOC_STRINGS = NO;
				SWIFT_VERSION = 5.0;
				TARGETED_DEVICE_FAMILY = "1,2";
				TEST_HOST = "$(BUILT_PRODUCTS_DIR)/lab7.app/$(BUNDLE_EXECUTABLE_FOLDER_PATH)/lab7";
			};
			name = Release;
		};
		B245FB2C2D6686E5002A19B2 /* Debug */ = {
			isa = XCBuildConfiguration;
			buildSettings = {
				ALWAYS_EMBED_SWIFT_STANDARD_LIBRARIES = YES;
				CODE_SIGN_STYLE = Automatic;
				CURRENT_PROJECT_VERSION = 1;
				GENERATE_INFOPLIST_FILE = YES;
				MARKETING_VERSION = 1.0;
				PRODUCT_BUNDLE_IDENTIFIER = comp3097.lab7UITests;
				PRODUCT_NAME = "$(TARGET_NAME)";
				SWIFT_EMIT_LOC_STRINGS = NO;
				SWIFT_VERSION = 5.0;
				TARGETED_DEVICE_FAMILY = "1,2";
				TEST_TARGET_NAME = lab7;
			};
			name = Debug;
		};
		B245FB2D2D6686E5002A19B2 /* Release */ = {
			isa = XCBuildConfiguration;
			buildSettings = {
				ALWAYS_EMBED_SWIFT_STANDARD_LIBRARIES = YES;
				CODE_SIGN_STYLE = Automatic;
				CURRENT_PROJECT_VERSION = 1;
				GENERATE_INFOPLIST_FILE = YES;
				MARKETING_VERSION = 1.0;
				PRODUCT_BUNDLE_IDENTIFIER = comp3097.lab7UITests;
				PRODUCT_NAME = "$(TARGET_NAME)";
				SWIFT_EMIT_LOC_STRINGS = NO;
				SWIFT_VERSION = 5.0;
				TARGETED_DEVICE_FAMILY = "1,2";
				TEST_TARGET_NAME = lab7;
			};
			name = Release;
		};
/* End XCBuildConfiguration section */

/* Begin XCConfigurationList section */
		B245FAF62D6686E4002A19B2 /* Build configuration list for PBXProject "lab7" */ = {
			isa = XCConfigurationList;
			buildConfigurations = (
				B245FB232D6686E5002A19B2 /* Debug */,
				B245FB242D6686E5002A19B2 /* Release */,
			);
			defaultConfigurationIsVisible = 0;
			defaultConfigurationName = Release;
		};
		B245FB252D6686E5002A19B2 /* Build configuration list for PBXNativeTarget "lab7" */ = {
			isa = XCConfigurationList;
			buildConfigurations = (
				B245FB262D6686E5002A19B2 /* Debug */,
				B245FB272D6686E5002A19B2 /* Release */,
			);
			defaultConfigurationIsVisible = 0;
			defaultConfigurationName = Release;
		};
		B245FB282D6686E5002A19B2 /* Build configuration list for PBXNativeTarget "lab7Tests" */ = {
			isa = XCConfigurationList;
			buildConfigurations = (
				B245FB292D6686E5002A19B2 /* Debug */,
				B245FB2A2D6686E5002A19B2 /* Release */,
			);
			defaultConfigurationIsVisible = 0;
			defaultConfigurationName = Release;
		};
		B245FB2B2D6686E5002A19B2 /* Build configuration list for PBXNativeTarget "lab7UITests" */ = {
			isa = XCConfigurationList;
			buildConfigurations = (
				B245FB2C2D6686E5002A19B2 /* Debug */,
				B245FB2D2D6686E5002A19B2 /* Release */,
			);
			defaultConfigurationIsVisible = 0;
			defaultConfigurationName = Release;
		};
/* End XCConfigurationList section */
	};
	rootObject = B245FAF32D6686E4002A19B2 /* Project object */;
}
